
Microsoft Visual Studio Solution File, Format Version 12.00
# Visual Studio Version 17
VisualStudioVersion = 17.9.34728.123
MinimumVisualStudioVersion = 10.0.40219.1
Project("{FAE04EC0-301F-11D3-BF4B-00C04F79EFBC}") = "Biblioteca", "Biblioteca\Biblioteca.csproj", "{27A54E04-0D8C-4F57-9F6E-1CB65BCA054C}"
EndProject
Project("{FAE04EC0-301F-11D3-BF4B-00C04F79EFBC}") = "Vista", "Vista\Vista.csproj", "{07043967-8505-45E9-B3EB-8570960F2A5C}"
EndProject
Global
	GlobalSection(SolutionConfigurationPlatforms) = preSolution
		Debug|Any CPU = Debug|Any CPU
		Release|Any CPU = Release|Any CPU
	EndGlobalSection
	GlobalSection(ProjectConfigurationPlatforms) = postSolution
		{27A54E04-0D8C-4F57-9F6E-1CB65BCA054C}.Debug|Any CPU.ActiveCfg = Debug|Any CPU
		{27A54E04-0D8C-4F57-9F6E-1CB65BCA054C}.Debug|Any CPU.Build.0 = Debug|Any CPU
		{27A54E04-0D8C-4F57-9F6E-1CB65BCA054C}.Release|Any CPU.ActiveCfg = Release|Any CPU
		{27A54E04-0D8C-4F57-9F6E-1CB65BCA054C}.Release|Any CPU.Build.0 = Release|Any CPU
		{07043967-8505-45E9-B3EB-8570960F2A5C}.Debug|Any CPU.ActiveCfg = Debug|Any CPU
		{07043967-8505-45E9-B3EB-8570960F2A5C}.Debug|Any CPU.Build.0 = Debug|Any CPU
		{07043967-8505-45E9-B3EB-8570960F2A5C}.Release|Any CPU.ActiveCfg = Release|Any CPU
		{07043967-8505-45E9-B3EB-8570960F2A5C}.Release|Any CPU.Build.0 = Release|Any CPU
	EndGlobalSection
	GlobalSection(SolutionProperties) = preSolution
		HideSolutionNode = FALSE
	EndGlobalSection
	GlobalSection(ExtensibilityGlobals) = postSolution
		SolutionGuid = {7098E659-8C5B-4056-BE6C-DC2BFD46DA53}
	EndGlobalSection
EndGlobal
